
Microsoft Visual Studio Solution File, Format Version 12.00
# Visual Studio 14
VisualStudioVersion = 14.0.25420.1
MinimumVisualStudioVersion = 10.0.40219.1
Project("{2150E333-8FDC-42A3-9474-1A3956D46DE8}") = "Domain", "Domain", "{6FEEFE9E-D865-4811-A6E4-DE62E8017379}"
EndProject
Project("{2150E333-8FDC-42A3-9474-1A3956D46DE8}") = "Common", "Common", "{DF775178-5AE7-4E95-B289-BB81755CB43D}"
EndProject
Project("{2150E333-8FDC-42A3-9474-1A3956D46DE8}") = "UserManagement", "UserManagement", "{FE8D2870-1673-43D6-AF0A-484D4F707206}"
EndProject
Project("{FAE04EC0-301F-11D3-BF4B-00C04F79EFBC}") = "Doozestan.Common", "..\Core\Common\Src\ِDoozestan.Common\Doozestan.Common.csproj", "{6E8116A3-EC7E-44D5-96EB-D0CBCA29C839}"
EndProject
Project("{FAE04EC0-301F-11D3-BF4B-00C04F79EFBC}") = "Doozestan.Domain", "..\Core\Domain\Src\Doozestan.Domain\Doozestan.Domain.csproj", "{CEC24448-D286-45CE-AAFF-137DC9AB71E8}"
EndProject
Project("{2150E333-8FDC-42A3-9474-1A3956D46DE8}") = "GameData", "GameData", "{2F90706A-FAAE-4053-9130-C31FB461041D}"
EndProject
Project("{2150E333-8FDC-42A3-9474-1A3956D46DE8}") = "Doozestan.GameData.DataAccess", "Doozestan.GameData.DataAccess", "{D86D1CDE-C2CC-423B-8076-2CB581ADEAC1}"
EndProject
Project("{2150E333-8FDC-42A3-9474-1A3956D46DE8}") = "Doozestan.GameData.InternalServices", "Doozestan.GameData.InternalServices", "{7C646EB5-5F90-461D-9308-D553824AF539}"
EndProject
Project("{FAE04EC0-301F-11D3-BF4B-00C04F79EFBC}") = "Doozestan.GameData.InternalService", "..\Core\GameData\Src\Doozestan.GameData.Interface\Doozestan.GameData.InternalService.csproj", "{9B6A6045-EDD0-4B09-91FD-89CB1766562C}"
EndProject
Project("{FAE04EC0-301F-11D3-BF4B-00C04F79EFBC}") = "Doozestan.GameData.Dao", "..\Core\GameData\Src\Doozestan.GameData.DataAccess\Doozestan.GameData.Dao.csproj", "{BAA52842-F478-4520-94F3-D3309600391E}"
EndProject
Project("{2150E333-8FDC-42A3-9474-1A3956D46DE8}") = "Core", "Core", "{BB88315E-B74A-4FB5-A3C7-BB6B047F1347}"
EndProject
Project("{2150E333-8FDC-42A3-9474-1A3956D46DE8}") = "Api", "Api", "{75532E16-383C-4A37-B6AC-21928F40DE4E}"
EndProject
Project("{FAE04EC0-301F-11D3-BF4B-00C04F79EFBC}") = "Doozestan.Api", "..\Api\Src\Doozestan.Api\Doozestan.Api.csproj", "{E6509E02-CE94-4BD6-9DED-C5EB7E28D9F7}"
EndProject
Project("{FAE04EC0-301F-11D3-BF4B-00C04F79EFBC}") = "Doozestan.WebApi", "..\Api\Src\Doozestan.WebApi\Doozestan.WebApi.csproj", "{3008806D-8773-4BA1-95AB-18B9BD030314}"
EndProject
Project("{2150E333-8FDC-42A3-9474-1A3956D46DE8}") = "BackEnd", "BackEnd", "{2C081F97-32DC-4A91-9788-2C511B678DCB}"
EndProject
Project("{FAE04EC0-301F-11D3-BF4B-00C04F79EFBC}") = "Doozestan.UserManagement", "..\Core\UserManagement\Src\Doozestan.UserManagement\Doozestan.UserManagement.csproj", "{A2584801-DED2-4375-BEA2-8F3C67CBFEC0}"
EndProject
Global
	GlobalSection(SolutionConfigurationPlatforms) = preSolution
		Debug|Any CPU = Debug|Any CPU
		Release|Any CPU = Release|Any CPU
	EndGlobalSection
	GlobalSection(ProjectConfigurationPlatforms) = postSolution
		{6E8116A3-EC7E-44D5-96EB-D0CBCA29C839}.Debug|Any CPU.ActiveCfg = Debug|Any CPU
		{6E8116A3-EC7E-44D5-96EB-D0CBCA29C839}.Debug|Any CPU.Build.0 = Debug|Any CPU
		{6E8116A3-EC7E-44D5-96EB-D0CBCA29C839}.Release|Any CPU.ActiveCfg = Release|Any CPU
		{6E8116A3-EC7E-44D5-96EB-D0CBCA29C839}.Release|Any CPU.Build.0 = Release|Any CPU
		{CEC24448-D286-45CE-AAFF-137DC9AB71E8}.Debug|Any CPU.ActiveCfg = Debug|Any CPU
		{CEC24448-D286-45CE-AAFF-137DC9AB71E8}.Debug|Any CPU.Build.0 = Debug|Any CPU
		{CEC24448-D286-45CE-AAFF-137DC9AB71E8}.Release|Any CPU.ActiveCfg = Release|Any CPU
		{CEC24448-D286-45CE-AAFF-137DC9AB71E8}.Release|Any CPU.Build.0 = Release|Any CPU
		{9B6A6045-EDD0-4B09-91FD-89CB1766562C}.Debug|Any CPU.ActiveCfg = Debug|Any CPU
		{9B6A6045-EDD0-4B09-91FD-89CB1766562C}.Debug|Any CPU.Build.0 = Debug|Any CPU
		{9B6A6045-EDD0-4B09-91FD-89CB1766562C}.Release|Any CPU.ActiveCfg = Release|Any CPU
		{9B6A6045-EDD0-4B09-91FD-89CB1766562C}.Release|Any CPU.Build.0 = Release|Any CPU
		{BAA52842-F478-4520-94F3-D3309600391E}.Debug|Any CPU.ActiveCfg = Debug|Any CPU
		{BAA52842-F478-4520-94F3-D3309600391E}.Debug|Any CPU.Build.0 = Debug|Any CPU
		{BAA52842-F478-4520-94F3-D3309600391E}.Release|Any CPU.ActiveCfg = Release|Any CPU
		{BAA52842-F478-4520-94F3-D3309600391E}.Release|Any CPU.Build.0 = Release|Any CPU
		{E6509E02-CE94-4BD6-9DED-C5EB7E28D9F7}.Debug|Any CPU.ActiveCfg = Debug|Any CPU
		{E6509E02-CE94-4BD6-9DED-C5EB7E28D9F7}.Debug|Any CPU.Build.0 = Debug|Any CPU
		{E6509E02-CE94-4BD6-9DED-C5EB7E28D9F7}.Release|Any CPU.ActiveCfg = Release|Any CPU
		{E6509E02-CE94-4BD6-9DED-C5EB7E28D9F7}.Release|Any CPU.Build.0 = Release|Any CPU
		{3008806D-8773-4BA1-95AB-18B9BD030314}.Debug|Any CPU.ActiveCfg = Debug|Any CPU
		{3008806D-8773-4BA1-95AB-18B9BD030314}.Debug|Any CPU.Build.0 = Debug|Any CPU
		{3008806D-8773-4BA1-95AB-18B9BD030314}.Release|Any CPU.ActiveCfg = Release|Any CPU
		{3008806D-8773-4BA1-95AB-18B9BD030314}.Release|Any CPU.Build.0 = Release|Any CPU
		{A2584801-DED2-4375-BEA2-8F3C67CBFEC0}.Debug|Any CPU.ActiveCfg = Debug|Any CPU
		{A2584801-DED2-4375-BEA2-8F3C67CBFEC0}.Debug|Any CPU.Build.0 = Debug|Any CPU
		{A2584801-DED2-4375-BEA2-8F3C67CBFEC0}.Release|Any CPU.ActiveCfg = Release|Any CPU
		{A2584801-DED2-4375-BEA2-8F3C67CBFEC0}.Release|Any CPU.Build.0 = Release|Any CPU
	EndGlobalSection
	GlobalSection(SolutionProperties) = preSolution
		HideSolutionNode = FALSE
	EndGlobalSection
	GlobalSection(NestedProjects) = preSolution
		{6FEEFE9E-D865-4811-A6E4-DE62E8017379} = {BB88315E-B74A-4FB5-A3C7-BB6B047F1347}
		{DF775178-5AE7-4E95-B289-BB81755CB43D} = {BB88315E-B74A-4FB5-A3C7-BB6B047F1347}
		{FE8D2870-1673-43D6-AF0A-484D4F707206} = {BB88315E-B74A-4FB5-A3C7-BB6B047F1347}
		{6E8116A3-EC7E-44D5-96EB-D0CBCA29C839} = {DF775178-5AE7-4E95-B289-BB81755CB43D}
		{CEC24448-D286-45CE-AAFF-137DC9AB71E8} = {6FEEFE9E-D865-4811-A6E4-DE62E8017379}
		{2F90706A-FAAE-4053-9130-C31FB461041D} = {BB88315E-B74A-4FB5-A3C7-BB6B047F1347}
		{D86D1CDE-C2CC-423B-8076-2CB581ADEAC1} = {2F90706A-FAAE-4053-9130-C31FB461041D}
		{7C646EB5-5F90-461D-9308-D553824AF539} = {2F90706A-FAAE-4053-9130-C31FB461041D}
		{9B6A6045-EDD0-4B09-91FD-89CB1766562C} = {7C646EB5-5F90-461D-9308-D553824AF539}
		{BAA52842-F478-4520-94F3-D3309600391E} = {D86D1CDE-C2CC-423B-8076-2CB581ADEAC1}
		{BB88315E-B74A-4FB5-A3C7-BB6B047F1347} = {2C081F97-32DC-4A91-9788-2C511B678DCB}
		{75532E16-383C-4A37-B6AC-21928F40DE4E} = {2C081F97-32DC-4A91-9788-2C511B678DCB}
		{E6509E02-CE94-4BD6-9DED-C5EB7E28D9F7} = {75532E16-383C-4A37-B6AC-21928F40DE4E}
		{3008806D-8773-4BA1-95AB-18B9BD030314} = {75532E16-383C-4A37-B6AC-21928F40DE4E}
		{A2584801-DED2-4375-BEA2-8F3C67CBFEC0} = {FE8D2870-1673-43D6-AF0A-484D4F707206}
	EndGlobalSection
EndGlobal
